{
  "name": "card_randomizer_workout_app",
  "version": "1.0.0",
  "lockfileVersion": 1,
  "requires": true,
  "dependencies": {
    "card-deck": {
      "version": "1.0.1",
      "resolved": "https://registry.npmjs.org/card-deck/-/card-deck-1.0.1.tgz",
      "integrity": "sha512-ET1+FkhGutPjbeFSBjYqA1n5wtDJHKf9vS15FnwbSQfDXzd/dJN3SEMcqfFDgHjP5z8Xe9yhPOfvfN4qdIaxww=="
    }
  }
}
